
Microsoft Visual Studio Solution File, Format Version 12.00
# Visual Studio Version 17
VisualStudioVersion = 17.4.33213.308
MinimumVisualStudioVersion = 10.0.40219.1
Project("{8BC9CEB8-8B4A-11D0-8D11-00A0C91BC942}") = "Hangman-Game", "Hangman-Game\Hangman-Game.vcxproj", "{F6442894-4C26-4551-86FD-D63D88FF7710}"
EndProject
Project("{8BC9CEB8-8B4A-11D0-8D11-00A0C91BC942}") = "Hangman_Drawings", "Hangman_Drawings\Hangman_Drawings.vcxproj", "{2A35F6E7-11C1-4848-8246-90D38002D846}"
EndProject
Global
	GlobalSection(SolutionConfigurationPlatforms) = preSolution
		Debug|x64 = Debug|x64
		Debug|x86 = Debug|x86
		Release|x64 = Release|x64
		Release|x86 = Release|x86
	EndGlobalSection
	GlobalSection(ProjectConfigurationPlatforms) = postSolution
		{F6442894-4C26-4551-86FD-D63D88FF7710}.Debug|x64.ActiveCfg = Debug|x64
		{F6442894-4C26-4551-86FD-D63D88FF7710}.Debug|x64.Build.0 = Debug|x64
		{F6442894-4C26-4551-86FD-D63D88FF7710}.Debug|x86.ActiveCfg = Debug|Win32
		{F6442894-4C26-4551-86FD-D63D88FF7710}.Debug|x86.Build.0 = Debug|Win32
		{F6442894-4C26-4551-86FD-D63D88FF7710}.Release|x64.ActiveCfg = Release|x64
		{F6442894-4C26-4551-86FD-D63D88FF7710}.Release|x64.Build.0 = Release|x64
		{F6442894-4C26-4551-86FD-D63D88FF7710}.Release|x86.ActiveCfg = Release|Win32
		{F6442894-4C26-4551-86FD-D63D88FF7710}.Release|x86.Build.0 = Release|Win32
		{2A35F6E7-11C1-4848-8246-90D38002D846}.Debug|x64.ActiveCfg = Debug|x64
		{2A35F6E7-11C1-4848-8246-90D38002D846}.Debug|x64.Build.0 = Debug|x64
		{2A35F6E7-11C1-4848-8246-90D38002D846}.Debug|x86.ActiveCfg = Debug|Win32
		{2A35F6E7-11C1-4848-8246-90D38002D846}.Debug|x86.Build.0 = Debug|Win32
		{2A35F6E7-11C1-4848-8246-90D38002D846}.Release|x64.ActiveCfg = Release|x64
		{2A35F6E7-11C1-4848-8246-90D38002D846}.Release|x64.Build.0 = Release|x64
		{2A35F6E7-11C1-4848-8246-90D38002D846}.Release|x86.ActiveCfg = Release|Win32
		{2A35F6E7-11C1-4848-8246-90D38002D846}.Release|x86.Build.0 = Release|Win32
	EndGlobalSection
	GlobalSection(SolutionProperties) = preSolution
		HideSolutionNode = FALSE
	EndGlobalSection
	GlobalSection(ExtensibilityGlobals) = postSolution
		SolutionGuid = {714E8306-D69A-44D1-9B6C-3065F883151A}
	EndGlobalSection
EndGlobal
